// !$*UTF8*$!
{
	archiveVersion = 1;
	classes = {
	};
	objectVersion = 46;
	objects = {

/* Begin PBXBuildFile section */
		07DB6F021EE36A8600A8CC2C /* AppDelegate.swift in Sources */ = {isa = PBXBuildFile; fileRef = 07DB6F011EE36A8600A8CC2C /* AppDelegate.swift */; };
		07DB6F041EE36A8600A8CC2C /* ViewController.swift in Sources */ = {isa = PBXBuildFile; fileRef = 07DB6F031EE36A8600A8CC2C /* ViewController.swift */; };
		07DB6F071EE36A8600A8CC2C /* Main.storyboard in Resources */ = {isa = PBXBuildFile; fileRef = 07DB6F051EE36A8600A8CC2C /* Main.storyboard */; };
		07DB6F091EE36A8600A8CC2C /* Assets.xcassets in Resources */ = {isa = PBXBuildFile; fileRef = 07DB6F081EE36A8600A8CC2C /* Assets.xcassets */; };
		07DB6F0C1EE36A8600A8CC2C /* LaunchScreen.storyboard in Resources */ = {isa = PBXBuildFile; fileRef = 07DB6F0A1EE36A8600A8CC2C /* LaunchScreen.storyboard */; };
		07DB6F161EE36B0700A8CC2C /* CloudKit.framework in Frameworks */ = {isa = PBXBuildFile; fileRef = 07DB6F151EE36B0700A8CC2C /* CloudKit.framework */; };
		07DB6F181EE36B8500A8CC2C /* CloudKitManager.swift in Sources */ = {isa = PBXBuildFile; fileRef = 07DB6F171EE36B8500A8CC2C /* CloudKitManager.swift */; };
/* End PBXBuildFile section */

/* Begin PBXFileReference section */
		07DB6EFE1EE36A8600A8CC2C /* Pocket USA Admin.app */ = {isa = PBXFileReference; explicitFileType = wrapper.application; includeInIndex = 0; path = "Pocket USA Admin.app"; sourceTree = BUILT_PRODUCTS_DIR; };
		07DB6F011EE36A8600A8CC2C /* AppDelegate.swift */ = {isa = PBXFileReference; lastKnownFileType = sourcecode.swift; path = AppDelegate.swift; sourceTree = "<group>"; };
		07DB6F031EE36A8600A8CC2C /* ViewController.swift */ = {isa = PBXFileReference; lastKnownFileType = sourcecode.swift; path = ViewController.swift; sourceTree = "<group>"; };
		07DB6F061EE36A8600A8CC2C /* Base */ = {isa = PBXFileReference; lastKnownFileType = file.storyboard; name = Base; path = Base.lproj/Main.storyboard; sourceTree = "<group>"; };
		07DB6F081EE36A8600A8CC2C /* Assets.xcassets */ = {isa = PBXFileReference; lastKnownFileType = folder.assetcatalog; path = Assets.xcassets; sourceTree = "<group>"; };
		07DB6F0B1EE36A8600A8CC2C /* Base */ = {isa = PBXFileReference; lastKnownFileType = file.storyboard; name = Base; path = Base.lproj/LaunchScreen.storyboard; sourceTree = "<group>"; };
		07DB6F0D1EE36A8600A8CC2C /* Info.plist */ = {isa = PBXFileReference; lastKnownFileType = text.plist.xml; path = Info.plist; sourceTree = "<group>"; };
		07DB6F131EE36B0400A8CC2C /* Pocket USA Admin.entitlements */ = {isa = PBXFileReference; lastKnownFileType = text.plist.entitlements; path = "Pocket USA Admin.entitlements"; sourceTree = "<group>"; };
		07DB6F151EE36B0700A8CC2C /* CloudKit.framework */ = {isa = PBXFileReference; lastKnownFileType = wrapper.framework; name = CloudKit.framework; path = System/Library/Frameworks/CloudKit.framework; sourceTree = SDKROOT; };
		07DB6F171EE36B8500A8CC2C /* CloudKitManager.swift */ = {isa = PBXFileReference; fileEncoding = 4; lastKnownFileType = sourcecode.swift; path = CloudKitManager.swift; sourceTree = "<group>"; };
/* End PBXFileReference section */

/* Begin PBXFrameworksBuildPhase section */
		07DB6EFB1EE36A8600A8CC2C /* Frameworks */ = {
			isa = PBXFrameworksBuildPhase;
			buildActionMask = 2147483647;
			files = (
				07DB6F161EE36B0700A8CC2C /* CloudKit.framework in Frameworks */,
			);
			runOnlyForDeploymentPostprocessing = 0;
		};
/* End PBXFrameworksBuildPhase section */

/* Begin PBXGroup section */
		07DB6EF51EE36A8600A8CC2C = {
			isa = PBXGroup;
			children = (
				07DB6F001EE36A8600A8CC2C /* Pocket USA Admin */,
				07DB6EFF1EE36A8600A8CC2C /* Products */,
				07DB6F141EE36B0700A8CC2C /* Frameworks */,
			);
			sourceTree = "<group>";
		};
		07DB6EFF1EE36A8600A8CC2C /* Products */ = {
			isa = PBXGroup;
			children = (
				07DB6EFE1EE36A8600A8CC2C /* Pocket USA Admin.app */,
			);
			name = Products;
			sourceTree = "<group>";
		};
		07DB6F001EE36A8600A8CC2C /* Pocket USA Admin */ = {
			isa = PBXGroup;
			children = (
				07DB6F131EE36B0400A8CC2C /* Pocket USA Admin.entitlements */,
				07DB6F011EE36A8600A8CC2C /* AppDelegate.swift */,
				07DB6F031EE36A8600A8CC2C /* ViewController.swift */,
				07DB6F171EE36B8500A8CC2C /* CloudKitManager.swift */,
				07DB6F051EE36A8600A8CC2C /* Main.storyboard */,
				07DB6F081EE36A8600A8CC2C /* Assets.xcassets */,
				07DB6F0A1EE36A8600A8CC2C /* LaunchScreen.storyboard */,
				07DB6F0D1EE36A8600A8CC2C /* Info.plist */,
			);
			path = "Pocket USA Admin";
			sourceTree = "<group>";
		};
		07DB6F141EE36B0700A8CC2C /* Frameworks */ = {
			isa = PBXGroup;
			children = (
				07DB6F151EE36B0700A8CC2C /* CloudKit.framework */,
			);
			name = Frameworks;
			sourceTree = "<group>";
		};
/* End PBXGroup section */

/* Begin PBXNativeTarget section */
		07DB6EFD1EE36A8600A8CC2C /* Pocket USA Admin */ = {
			isa = PBXNativeTarget;
			buildConfigurationList = 07DB6F101EE36A8600A8CC2C /* Build configuration list for PBXNativeTarget "Pocket USA Admin" */;
			buildPhases = (
				07DB6EFA1EE36A8600A8CC2C /* Sources */,
				07DB6EFB1EE36A8600A8CC2C /* Frameworks */,
				07DB6EFC1EE36A8600A8CC2C /* Resources */,
			);
			buildRules = (
			);
			dependencies = (
			);
			name = "Pocket USA Admin";
			productName = "Pocket USA Admin";
			productReference = 07DB6EFE1EE36A8600A8CC2C /* Pocket USA Admin.app */;
			productType = "com.apple.product-type.application";
		};
/* End PBXNativeTarget section */

/* Begin PBXProject section */
		07DB6EF61EE36A8600A8CC2C /* Project object */ = {
			isa = PBXProject;
			attributes = {
				LastSwiftUpdateCheck = 0830;
				LastUpgradeCheck = 0830;
				ORGANIZATIONNAME = "Wei Huang";
				TargetAttributes = {
					07DB6EFD1EE36A8600A8CC2C = {
						CreatedOnToolsVersion = 8.3.2;
						DevelopmentTeam = MZ9ENMW8GH;
						ProvisioningStyle = Automatic;
						SystemCapabilities = {
							com.apple.BackgroundModes = {
								enabled = 1;
							};
							com.apple.Push = {
								enabled = 1;
							};
							com.apple.iCloud = {
								enabled = 1;
							};
						};
					};
				};
			};
			buildConfigurationList = 07DB6EF91EE36A8600A8CC2C /* Build configuration list for PBXProject "Pocket USA Admin" */;
			compatibilityVersion = "Xcode 3.2";
			developmentRegion = English;
			hasScannedForEncodings = 0;
			knownRegions = (
				en,
				Base,
			);
			mainGroup = 07DB6EF51EE36A8600A8CC2C;
			productRefGroup = 07DB6EFF1EE36A8600A8CC2C /* Products */;
			projectDirPath = "";
			projectRoot = "";
			targets = (
				07DB6EFD1EE36A8600A8CC2C /* Pocket USA Admin */,
			);
		};
/* End PBXProject section */

/* Begin PBXResourcesBuildPhase section */
		07DB6EFC1EE36A8600A8CC2C /* Resources */ = {
			isa = PBXResourcesBuildPhase;
			buildActionMask = 2147483647;
			files = (
				07DB6F0C1EE36A8600A8CC2C /* LaunchScreen.storyboard in Resources */,
				07DB6F091EE36A8600A8CC2C /* Assets.xcassets in Resources */,
				07DB6F071EE36A8600A8CC2C /* Main.storyboard in Resources */,
			);
			runOnlyForDeploymentPostprocessing = 0;
		};
/* End PBXResourcesBuildPhase section */

/* Begin PBXSourcesBuildPhase section */
		07DB6EFA1EE36A8600A8CC2C /* Sources */ = {
			isa = PBXSourcesBuildPhase;
			buildActionMask = 2147483647;
			files = (
				07DB6F041EE36A8600A8CC2C /* ViewController.swift in Sources */,
				07DB6F021EE36A8600A8CC2C /* AppDelegate.swift in Sources */,
				07DB6F181EE36B8500A8CC2C /* CloudKitManager.swift in Sources */,
			);
			runOnlyForDeploymentPostprocessing = 0;
		};
/* End PBXSourcesBuildPhase section */

/* Begin PBXVariantGroup section */
		07DB6F051EE36A8600A8CC2C /* Main.storyboard */ = {
			isa = PBXVariantGroup;
			children = (
				07DB6F061EE36A8600A8CC2C /* Base */,
			);
			name = Main.storyboard;
			sourceTree = "<group>";
		};
		07DB6F0A1EE36A8600A8CC2C /* LaunchScreen.storyboard */ = {
			isa = PBXVariantGroup;
			children = (
				07DB6F0B1EE36A8600A8CC2C /* Base */,
			);
			name = LaunchScreen.storyboard;
			sourceTree = "<group>";
		};
/* End PBXVariantGroup section */

/* Begin XCBuildConfiguration section */
		07DB6F0E1EE36A8600A8CC2C /* Debug */ = {
			isa = XCBuildConfiguration;
			buildSettings = {
				ALWAYS_SEARCH_USER_PATHS = NO;
				CLANG_ANALYZER_NONNULL = YES;
				CLANG_ANALYZER_NUMBER_OBJECT_CONVERSION = YES_AGGRESSIVE;
				CLANG_CXX_LANGUAGE_STANDARD = "gnu++0x";
				CLANG_CXX_LIBRARY = "libc++";
				CLANG_ENABLE_MODULES = YES;
				CLANG_ENABLE_OBJC_ARC = YES;
				CLANG_WARN_BOOL_CONVERSION = YES;
				CLANG_WARN_CONSTANT_CONVERSION = YES;
				CLANG_WARN_DIRECT_OBJC_ISA_USAGE = YES_ERROR;
				CLANG_WARN_DOCUMENTATION_COMMENTS = YES;
				CLANG_WARN_EMPTY_BODY = YES;
				CLANG_WARN_ENUM_CONVERSION = YES;
				CLANG_WARN_INFINITE_RECURSION = YES;
				CLANG_WARN_INT_CONVERSION = YES;
				CLANG_WARN_OBJC_ROOT_CLASS = YES_ERROR;
				CLANG_WARN_SUSPICIOUS_MOVE = YES;
				CLANG_WARN_UNREACHABLE_CODE = YES;
				CLANG_WARN__DUPLICATE_METHOD_MATCH = YES;
				"CODE_SIGN_IDENTITY[sdk=iphoneos*]" = "iPhone Developer";
				COPY_PHASE_STRIP = NO;
				DEBUG_INFORMATION_FORMAT = dwarf;
				ENABLE_STRICT_OBJC_MSGSEND = YES;
				ENABLE_TESTABILITY = YES;
				GCC_C_LANGUAGE_STANDARD = gnu99;
				GCC_DYNAMIC_NO_PIC = NO;
				GCC_NO_COMMON_BLOCKS = YES;
				GCC_OPTIMIZATION_LEVEL = 0;
				GCC_PREPROCESSOR_DEFINITIONS = (
					"DEBUG=1",
					"$(inherited)",
				);
				GCC_WARN_64_TO_32_BIT_CONVERSION = YES;
				GCC_WARN_ABOUT_RETURN_TYPE = YES_ERROR;
				GCC_WARN_UNDECLARED_SELECTOR = YES;
				GCC_WARN_UNINITIALIZED_AUTOS = YES_AGGRESSIVE;
				GCC_WARN_UNUSED_FUNCTION = YES;
				GCC_WARN_UNUSED_VARIABLE = YES;
				IPHONEOS_DEPLOYMENT_TARGET = 10.3;
				MTL_ENABLE_DEBUG_INFO = YES;
				ONLY_ACTIVE_ARCH = YES;
				SDKROOT = iphoneos;
				SWIFT_ACTIVE_COMPILATION_CONDITIONS = DEBUG;
				SWIFT_OPTIMIZATION_LEVEL = "-Onone";
			};
			name = Debug;
		};
		07DB6F0F1EE36A8600A8CC2C /* Release */ = {
			isa = XCBuildConfiguration;
			buildSettings = {
				ALWAYS_SEARCH_USER_PATHS = NO;
				CLANG_ANALYZER_NONNULL = YES;
				CLANG_ANALYZER_NUMBER_OBJECT_CONVERSION = YES_AGGRESSIVE;
				CLANG_CXX_LANGUAGE_STANDARD = "gnu++0x";
				CLANG_CXX_LIBRARY = "libc++";
				CLANG_ENABLE_MODULES = YES;
				CLANG_ENABLE_OBJC_ARC = YES;
				CLANG_WARN_BOOL_CONVERSION = YES;
				CLANG_WARN_CONSTANT_CONVERSION = YES;
				CLANG_WARN_DIRECT_OBJC_ISA_USAGE = YES_ERROR;
				CLANG_WARN_DOCUMENTATION_COMMENTS = YES;
				CLANG_WARN_EMPTY_BODY = YES;
				CLANG_WARN_ENUM_CONVERSION = YES;
				CLANG_WARN_INFINITE_RECURSION = YES;
				CLANG_WARN_INT_CONVERSION = YES;
				CLANG_WARN_OBJC_ROOT_CLASS = YES_ERROR;
				CLANG_WARN_SUSPICIOUS_MOVE = YES;
				CLANG_WARN_UNREACHABLE_CODE = YES;
				CLANG_WARN__DUPLICATE_METHOD_MATCH = YES;
				"CODE_SIGN_IDENTITY[sdk=iphoneos*]" = "iPhone Developer";
				COPY_PHASE_STRIP = NO;
				DEBUG_INFORMATION_FORMAT = "dwarf-with-dsym";
				ENABLE_NS_ASSERTIONS = NO;
				ENABLE_STRICT_OBJC_MSGSEND = YES;
				GCC_C_LANGUAGE_STANDARD = gnu99;
				GCC_NO_COMMON_BLOCKS = YES;
				GCC_WARN_64_TO_32_BIT_CONVERSION = YES;
				GCC_WARN_ABOUT_RETURN_TYPE = YES_ERROR;
				GCC_WARN_UNDECLARED_SELECTOR = YES;
				GCC_WARN_UNINITIALIZED_AUTOS = YES_AGGRESSIVE;
				GCC_WARN_UNUSED_FUNCTION = YES;
				GCC_WARN_UNUSED_VARIABLE = YES;
				IPHONEOS_DEPLOYMENT_TARGET = 10.3;
				MTL_ENABLE_DEBUG_INFO = NO;
				SDKROOT = iphoneos;
				SWIFT_OPTIMIZATION_LEVEL = "-Owholemodule";
				VALIDATE_PRODUCT = YES;
			};
			name = Release;
		};
		07DB6F111EE36A8600A8CC2C /* Debug */ = {
			isa = XCBuildConfiguration;
			buildSettings = {
				ASSETCATALOG_COMPILER_APPICON_NAME = AppIcon;
				CODE_SIGN_ENTITLEMENTS = "Pocket USA Admin/Pocket USA Admin.entitlements";
				DEVELOPMENT_TEAM = MZ9ENMW8GH;
				INFOPLIST_FILE = "Pocket USA Admin/Info.plist";
				IPHONEOS_DEPLOYMENT_TARGET = 10.2;
				LD_RUNPATH_SEARCH_PATHS = "$(inherited) @executable_path/Frameworks";
				PRODUCT_BUNDLE_IDENTIFIER = uchicago.pocket.usa.admin;
				PRODUCT_NAME = "$(TARGET_NAME)";
				SWIFT_VERSION = 3.0;
			};
			name = Debug;
		};
		07DB6F121EE36A8600A8CC2C /* Release */ = {
			isa = XCBuildConfiguration;
			buildSettings = {
				ASSETCATALOG_COMPILER_APPICON_NAME = AppIcon;
				CODE_SIGN_ENTITLEMENTS = "Pocket USA Admin/Pocket USA Admin.entitlements";
				DEVELOPMENT_TEAM = MZ9ENMW8GH;
				INFOPLIST_FILE = "Pocket USA Admin/Info.plist";
				IPHONEOS_DEPLOYMENT_TARGET = 10.2;
				LD_RUNPATH_SEARCH_PATHS = "$(inherited) @executable_path/Frameworks";
				PRODUCT_BUNDLE_IDENTIFIER = uchicago.pocket.usa.admin;
				PRODUCT_NAME = "$(TARGET_NAME)";
				SWIFT_VERSION = 3.0;
			};
			name = Release;
		};
/* End XCBuildConfiguration section */

/* Begin XCConfigurationList section */
		07DB6EF91EE36A8600A8CC2C /* Build configuration list for PBXProject "Pocket USA Admin" */ = {
			isa = XCConfigurationList;
			buildConfigurations = (
				07DB6F0E1EE36A8600A8CC2C /* Debug */,
				07DB6F0F1EE36A8600A8CC2C /* Release */,
			);
			defaultConfigurationIsVisible = 0;
			defaultConfigurationName = Release;
		};
		07DB6F101EE36A8600A8CC2C /* Build configuration list for PBXNativeTarget "Pocket USA Admin" */ = {
			isa = XCConfigurationList;
			buildConfigurations = (
				07DB6F111EE36A8600A8CC2C /* Debug */,
				07DB6F121EE36A8600A8CC2C /* Release */,
			);
			defaultConfigurationIsVisible = 0;
		};
/* End XCConfigurationList section */
	};
	rootObject = 07DB6EF61EE36A8600A8CC2C /* Project object */;
}
